{
  "requires": true,
  "lockfileVersion": 1,
  "dependencies": {
    "homebridge-gpio-relay": {
      "version": "1.0.7",
      "resolved": "https://registry.npmjs.org/homebridge-gpio-relay/-/homebridge-gpio-relay-1.0.7.tgz",
      "integrity": "sha1-3F4cLjmpNGHXw75Us5brXgQylzQ=",
      "requires": {
        "pi-gpio": "0.0.8"
      }
    },
    "pi-gpio": {
      "version": "0.0.8",
      "resolved": "https://registry.npmjs.org/pi-gpio/-/pi-gpio-0.0.8.tgz",
      "integrity": "sha1-hWNr1ZyKpgAmcSBqo3L1fz8sPVQ="
    }
  }
}
